
Microsoft Visual Studio Solution File, Format Version 12.00
# Visual Studio 15
VisualStudioVersion = 15.0.27130.2026
MinimumVisualStudioVersion = 10.0.40219.1
Project("{FAE04EC0-301F-11D3-BF4B-00C04F79EFBC}") = "Week_1a", "Week_1\Week_1a.csproj", "{03B62F85-5377-40DD-93F3-58845CD21B70}"
EndProject
Project("{FAE04EC0-301F-11D3-BF4B-00C04F79EFBC}") = "Week_1b", "Week_1b\Week_1b.csproj", "{6EF841F4-0204-42B9-83AF-17B10465E104}"
EndProject
Project("{FAE04EC0-301F-11D3-BF4B-00C04F79EFBC}") = "SnakePattern", "SnakePattern\SnakePattern.csproj", "{6FB08327-8061-49CD-8C64-9792580FB843}"
EndProject
Global
	GlobalSection(SolutionConfigurationPlatforms) = preSolution
		Debug|Any CPU = Debug|Any CPU
		Release|Any CPU = Release|Any CPU
	EndGlobalSection
	GlobalSection(ProjectConfigurationPlatforms) = postSolution
		{03B62F85-5377-40DD-93F3-58845CD21B70}.Debug|Any CPU.ActiveCfg = Debug|Any CPU
		{03B62F85-5377-40DD-93F3-58845CD21B70}.Debug|Any CPU.Build.0 = Debug|Any CPU
		{03B62F85-5377-40DD-93F3-58845CD21B70}.Release|Any CPU.ActiveCfg = Release|Any CPU
		{03B62F85-5377-40DD-93F3-58845CD21B70}.Release|Any CPU.Build.0 = Release|Any CPU
		{6EF841F4-0204-42B9-83AF-17B10465E104}.Debug|Any CPU.ActiveCfg = Debug|Any CPU
		{6EF841F4-0204-42B9-83AF-17B10465E104}.Debug|Any CPU.Build.0 = Debug|Any CPU
		{6EF841F4-0204-42B9-83AF-17B10465E104}.Release|Any CPU.ActiveCfg = Release|Any CPU
		{6EF841F4-0204-42B9-83AF-17B10465E104}.Release|Any CPU.Build.0 = Release|Any CPU
		{6FB08327-8061-49CD-8C64-9792580FB843}.Debug|Any CPU.ActiveCfg = Debug|Any CPU
		{6FB08327-8061-49CD-8C64-9792580FB843}.Debug|Any CPU.Build.0 = Debug|Any CPU
		{6FB08327-8061-49CD-8C64-9792580FB843}.Release|Any CPU.ActiveCfg = Release|Any CPU
		{6FB08327-8061-49CD-8C64-9792580FB843}.Release|Any CPU.Build.0 = Release|Any CPU
	EndGlobalSection
	GlobalSection(SolutionProperties) = preSolution
		HideSolutionNode = FALSE
	EndGlobalSection
	GlobalSection(ExtensibilityGlobals) = postSolution
		SolutionGuid = {5E95BF36-A1EA-4B0D-9617-CCEEC622FBF6}
	EndGlobalSection
EndGlobal
